
Microsoft Visual Studio Solution File, Format Version 12.00
# Visual Studio 2012
Project("{FAE04EC0-301F-11D3-BF4B-00C04F79EFBC}") = "TranslatedWeb", "TranslatedWeb\TranslatedWeb.csproj", "{F4A07103-6082-42F6-93A6-22AD3DC4C514}"
EndProject
Project("{FAE04EC0-301F-11D3-BF4B-00C04F79EFBC}") = "TranslatedWeb.Integration.Tests", "TranslatedWeb.Tests\TranslatedWeb.Integration.Tests.csproj", "{D5FF2FB3-8F14-4D91-BEFC-0D144185C542}"
EndProject
Project("{FAE04EC0-301F-11D3-BF4B-00C04F79EFBC}") = "Infrastructure.CrossCutting.Localization", "Infrastructure.CrossCutting.Localization\Infrastructure.CrossCutting.Localization.csproj", "{52CEB9BD-C362-420B-98BD-FBAC12ED0B72}"
EndProject
Project("{FAE04EC0-301F-11D3-BF4B-00C04F79EFBC}") = "Infrastructure.CrossCutting.Localization.Unit.Tests", "Infrastructure.CrossCutting.Localization.Unit.Tests\Infrastructure.CrossCutting.Localization.Unit.Tests.csproj", "{45746B23-D27A-4FDF-BD65-E34BD1AD5206}"
EndProject
Project("{2150E333-8FDC-42A3-9474-1A3956D46DE8}") = "1. Presentation", "1. Presentation", "{923FF5D5-111E-4E0B-85D5-B7F2E59DF2CC}"
EndProject
Project("{2150E333-8FDC-42A3-9474-1A3956D46DE8}") = "2. Infrastructure", "2. Infrastructure", "{58C68A12-4A40-47AD-90D6-DEC5A8646FED}"
EndProject
Project("{2150E333-8FDC-42A3-9474-1A3956D46DE8}") = "3. Tests", "3. Tests", "{ACC22C75-9C8F-42FA-AFB8-874A2CA965BC}"
EndProject
Project("{2150E333-8FDC-42A3-9474-1A3956D46DE8}") = ".nuget", ".nuget", "{6114E76A-055A-44C1-BB05-8225D62B1255}"
	ProjectSection(SolutionItems) = preProject
		.nuget\NuGet.Config = .nuget\NuGet.Config
		.nuget\NuGet.exe = .nuget\NuGet.exe
		.nuget\NuGet.targets = .nuget\NuGet.targets
	EndProjectSection
EndProject
Global
	GlobalSection(SolutionConfigurationPlatforms) = preSolution
		Debug|Any CPU = Debug|Any CPU
		Debug|x86 = Debug|x86
		DEMO_AZURE|Any CPU = DEMO_AZURE|Any CPU
		DEMO_AZURE|x86 = DEMO_AZURE|x86
		Deploy|Any CPU = Deploy|Any CPU
		Deploy|x86 = Deploy|x86
		Pre|Any CPU = Pre|Any CPU
		Pre|x86 = Pre|x86
		PRO_AZURE|Any CPU = PRO_AZURE|Any CPU
		PRO_AZURE|x86 = PRO_AZURE|x86
		Release|Any CPU = Release|Any CPU
		Release|x86 = Release|x86
		TEST_AZURE|Any CPU = TEST_AZURE|Any CPU
		TEST_AZURE|x86 = TEST_AZURE|x86
		Test|Any CPU = Test|Any CPU
		Test|x86 = Test|x86
	EndGlobalSection
	GlobalSection(ProjectConfigurationPlatforms) = postSolution
		{F4A07103-6082-42F6-93A6-22AD3DC4C514}.Debug|Any CPU.ActiveCfg = Debug|Any CPU
		{F4A07103-6082-42F6-93A6-22AD3DC4C514}.Debug|Any CPU.Build.0 = Debug|Any CPU
		{F4A07103-6082-42F6-93A6-22AD3DC4C514}.Debug|x86.ActiveCfg = Debug|Any CPU
		{F4A07103-6082-42F6-93A6-22AD3DC4C514}.DEMO_AZURE|Any CPU.ActiveCfg = Debug|Any CPU
		{F4A07103-6082-42F6-93A6-22AD3DC4C514}.DEMO_AZURE|Any CPU.Build.0 = Debug|Any CPU
		{F4A07103-6082-42F6-93A6-22AD3DC4C514}.DEMO_AZURE|x86.ActiveCfg = Debug|Any CPU
		{F4A07103-6082-42F6-93A6-22AD3DC4C514}.Deploy|Any CPU.ActiveCfg = Debug|Any CPU
		{F4A07103-6082-42F6-93A6-22AD3DC4C514}.Deploy|Any CPU.Build.0 = Debug|Any CPU
		{F4A07103-6082-42F6-93A6-22AD3DC4C514}.Deploy|x86.ActiveCfg = Debug|Any CPU
		{F4A07103-6082-42F6-93A6-22AD3DC4C514}.Pre|Any CPU.ActiveCfg = Release|Any CPU
		{F4A07103-6082-42F6-93A6-22AD3DC4C514}.Pre|Any CPU.Build.0 = Release|Any CPU
		{F4A07103-6082-42F6-93A6-22AD3DC4C514}.Pre|x86.ActiveCfg = Release|Any CPU
		{F4A07103-6082-42F6-93A6-22AD3DC4C514}.PRO_AZURE|Any CPU.ActiveCfg = Release|Any CPU
		{F4A07103-6082-42F6-93A6-22AD3DC4C514}.PRO_AZURE|Any CPU.Build.0 = Release|Any CPU
		{F4A07103-6082-42F6-93A6-22AD3DC4C514}.PRO_AZURE|x86.ActiveCfg = Release|Any CPU
		{F4A07103-6082-42F6-93A6-22AD3DC4C514}.Release|Any CPU.ActiveCfg = Release|Any CPU
		{F4A07103-6082-42F6-93A6-22AD3DC4C514}.Release|Any CPU.Build.0 = Release|Any CPU
		{F4A07103-6082-42F6-93A6-22AD3DC4C514}.Release|x86.ActiveCfg = Release|Any CPU
		{F4A07103-6082-42F6-93A6-22AD3DC4C514}.TEST_AZURE|Any CPU.ActiveCfg = Release|Any CPU
		{F4A07103-6082-42F6-93A6-22AD3DC4C514}.TEST_AZURE|Any CPU.Build.0 = Release|Any CPU
		{F4A07103-6082-42F6-93A6-22AD3DC4C514}.TEST_AZURE|x86.ActiveCfg = Release|Any CPU
		{F4A07103-6082-42F6-93A6-22AD3DC4C514}.Test|Any CPU.ActiveCfg = Release|Any CPU
		{F4A07103-6082-42F6-93A6-22AD3DC4C514}.Test|Any CPU.Build.0 = Release|Any CPU
		{F4A07103-6082-42F6-93A6-22AD3DC4C514}.Test|x86.ActiveCfg = Release|Any CPU
		{D5FF2FB3-8F14-4D91-BEFC-0D144185C542}.Debug|Any CPU.ActiveCfg = Debug|Any CPU
		{D5FF2FB3-8F14-4D91-BEFC-0D144185C542}.Debug|Any CPU.Build.0 = Debug|Any CPU
		{D5FF2FB3-8F14-4D91-BEFC-0D144185C542}.Debug|x86.ActiveCfg = Debug|Any CPU
		{D5FF2FB3-8F14-4D91-BEFC-0D144185C542}.DEMO_AZURE|Any CPU.ActiveCfg = Debug|Any CPU
		{D5FF2FB3-8F14-4D91-BEFC-0D144185C542}.DEMO_AZURE|Any CPU.Build.0 = Debug|Any CPU
		{D5FF2FB3-8F14-4D91-BEFC-0D144185C542}.DEMO_AZURE|x86.ActiveCfg = Debug|Any CPU
		{D5FF2FB3-8F14-4D91-BEFC-0D144185C542}.Deploy|Any CPU.ActiveCfg = Debug|Any CPU
		{D5FF2FB3-8F14-4D91-BEFC-0D144185C542}.Deploy|Any CPU.Build.0 = Debug|Any CPU
		{D5FF2FB3-8F14-4D91-BEFC-0D144185C542}.Deploy|x86.ActiveCfg = Debug|Any CPU
		{D5FF2FB3-8F14-4D91-BEFC-0D144185C542}.Pre|Any CPU.ActiveCfg = Release|Any CPU
		{D5FF2FB3-8F14-4D91-BEFC-0D144185C542}.Pre|Any CPU.Build.0 = Release|Any CPU
		{D5FF2FB3-8F14-4D91-BEFC-0D144185C542}.Pre|x86.ActiveCfg = Release|Any CPU
		{D5FF2FB3-8F14-4D91-BEFC-0D144185C542}.PRO_AZURE|Any CPU.ActiveCfg = Release|Any CPU
		{D5FF2FB3-8F14-4D91-BEFC-0D144185C542}.PRO_AZURE|Any CPU.Build.0 = Release|Any CPU
		{D5FF2FB3-8F14-4D91-BEFC-0D144185C542}.PRO_AZURE|x86.ActiveCfg = Release|Any CPU
		{D5FF2FB3-8F14-4D91-BEFC-0D144185C542}.Release|Any CPU.ActiveCfg = Release|Any CPU
		{D5FF2FB3-8F14-4D91-BEFC-0D144185C542}.Release|Any CPU.Build.0 = Release|Any CPU
		{D5FF2FB3-8F14-4D91-BEFC-0D144185C542}.Release|x86.ActiveCfg = Release|Any CPU
		{D5FF2FB3-8F14-4D91-BEFC-0D144185C542}.TEST_AZURE|Any CPU.ActiveCfg = Release|Any CPU
		{D5FF2FB3-8F14-4D91-BEFC-0D144185C542}.TEST_AZURE|Any CPU.Build.0 = Release|Any CPU
		{D5FF2FB3-8F14-4D91-BEFC-0D144185C542}.TEST_AZURE|x86.ActiveCfg = Release|Any CPU
		{D5FF2FB3-8F14-4D91-BEFC-0D144185C542}.Test|Any CPU.ActiveCfg = Release|Any CPU
		{D5FF2FB3-8F14-4D91-BEFC-0D144185C542}.Test|Any CPU.Build.0 = Release|Any CPU
		{D5FF2FB3-8F14-4D91-BEFC-0D144185C542}.Test|x86.ActiveCfg = Release|Any CPU
		{52CEB9BD-C362-420B-98BD-FBAC12ED0B72}.Debug|Any CPU.ActiveCfg = Debug|Any CPU
		{52CEB9BD-C362-420B-98BD-FBAC12ED0B72}.Debug|Any CPU.Build.0 = Debug|Any CPU
		{52CEB9BD-C362-420B-98BD-FBAC12ED0B72}.Debug|x86.ActiveCfg = Debug|x86
		{52CEB9BD-C362-420B-98BD-FBAC12ED0B72}.Debug|x86.Build.0 = Debug|x86
		{52CEB9BD-C362-420B-98BD-FBAC12ED0B72}.DEMO_AZURE|Any CPU.ActiveCfg = DEMO_AZURE|Any CPU
		{52CEB9BD-C362-420B-98BD-FBAC12ED0B72}.DEMO_AZURE|Any CPU.Build.0 = DEMO_AZURE|Any CPU
		{52CEB9BD-C362-420B-98BD-FBAC12ED0B72}.DEMO_AZURE|x86.ActiveCfg = DEMO_AZURE|x86
		{52CEB9BD-C362-420B-98BD-FBAC12ED0B72}.DEMO_AZURE|x86.Build.0 = DEMO_AZURE|x86
		{52CEB9BD-C362-420B-98BD-FBAC12ED0B72}.Deploy|Any CPU.ActiveCfg = Deploy|Any CPU
		{52CEB9BD-C362-420B-98BD-FBAC12ED0B72}.Deploy|Any CPU.Build.0 = Deploy|Any CPU
		{52CEB9BD-C362-420B-98BD-FBAC12ED0B72}.Deploy|x86.ActiveCfg = Deploy|x86
		{52CEB9BD-C362-420B-98BD-FBAC12ED0B72}.Deploy|x86.Build.0 = Deploy|x86
		{52CEB9BD-C362-420B-98BD-FBAC12ED0B72}.Pre|Any CPU.ActiveCfg = Pre|Any CPU
		{52CEB9BD-C362-420B-98BD-FBAC12ED0B72}.Pre|Any CPU.Build.0 = Pre|Any CPU
		{52CEB9BD-C362-420B-98BD-FBAC12ED0B72}.Pre|x86.ActiveCfg = Pre|x86
		{52CEB9BD-C362-420B-98BD-FBAC12ED0B72}.Pre|x86.Build.0 = Pre|x86
		{52CEB9BD-C362-420B-98BD-FBAC12ED0B72}.PRO_AZURE|Any CPU.ActiveCfg = PRO_AZURE|Any CPU
		{52CEB9BD-C362-420B-98BD-FBAC12ED0B72}.PRO_AZURE|Any CPU.Build.0 = PRO_AZURE|Any CPU
		{52CEB9BD-C362-420B-98BD-FBAC12ED0B72}.PRO_AZURE|x86.ActiveCfg = PRO_AZURE|x86
		{52CEB9BD-C362-420B-98BD-FBAC12ED0B72}.PRO_AZURE|x86.Build.0 = PRO_AZURE|x86
		{52CEB9BD-C362-420B-98BD-FBAC12ED0B72}.Release|Any CPU.ActiveCfg = Release|Any CPU
		{52CEB9BD-C362-420B-98BD-FBAC12ED0B72}.Release|Any CPU.Build.0 = Release|Any CPU
		{52CEB9BD-C362-420B-98BD-FBAC12ED0B72}.Release|x86.ActiveCfg = Release|x86
		{52CEB9BD-C362-420B-98BD-FBAC12ED0B72}.Release|x86.Build.0 = Release|x86
		{52CEB9BD-C362-420B-98BD-FBAC12ED0B72}.TEST_AZURE|Any CPU.ActiveCfg = TEST_AZURE|Any CPU
		{52CEB9BD-C362-420B-98BD-FBAC12ED0B72}.TEST_AZURE|Any CPU.Build.0 = TEST_AZURE|Any CPU
		{52CEB9BD-C362-420B-98BD-FBAC12ED0B72}.TEST_AZURE|x86.ActiveCfg = TEST_AZURE|x86
		{52CEB9BD-C362-420B-98BD-FBAC12ED0B72}.TEST_AZURE|x86.Build.0 = TEST_AZURE|x86
		{52CEB9BD-C362-420B-98BD-FBAC12ED0B72}.Test|Any CPU.ActiveCfg = Test|Any CPU
		{52CEB9BD-C362-420B-98BD-FBAC12ED0B72}.Test|Any CPU.Build.0 = Test|Any CPU
		{52CEB9BD-C362-420B-98BD-FBAC12ED0B72}.Test|x86.ActiveCfg = Test|x86
		{52CEB9BD-C362-420B-98BD-FBAC12ED0B72}.Test|x86.Build.0 = Test|x86
		{45746B23-D27A-4FDF-BD65-E34BD1AD5206}.Debug|Any CPU.ActiveCfg = Debug|Any CPU
		{45746B23-D27A-4FDF-BD65-E34BD1AD5206}.Debug|Any CPU.Build.0 = Debug|Any CPU
		{45746B23-D27A-4FDF-BD65-E34BD1AD5206}.Debug|x86.ActiveCfg = Debug|Any CPU
		{45746B23-D27A-4FDF-BD65-E34BD1AD5206}.DEMO_AZURE|Any CPU.ActiveCfg = Debug|Any CPU
		{45746B23-D27A-4FDF-BD65-E34BD1AD5206}.DEMO_AZURE|Any CPU.Build.0 = Debug|Any CPU
		{45746B23-D27A-4FDF-BD65-E34BD1AD5206}.DEMO_AZURE|x86.ActiveCfg = Debug|Any CPU
		{45746B23-D27A-4FDF-BD65-E34BD1AD5206}.Deploy|Any CPU.ActiveCfg = Debug|Any CPU
		{45746B23-D27A-4FDF-BD65-E34BD1AD5206}.Deploy|Any CPU.Build.0 = Debug|Any CPU
		{45746B23-D27A-4FDF-BD65-E34BD1AD5206}.Deploy|x86.ActiveCfg = Debug|Any CPU
		{45746B23-D27A-4FDF-BD65-E34BD1AD5206}.Pre|Any CPU.ActiveCfg = Release|Any CPU
		{45746B23-D27A-4FDF-BD65-E34BD1AD5206}.Pre|Any CPU.Build.0 = Release|Any CPU
		{45746B23-D27A-4FDF-BD65-E34BD1AD5206}.Pre|x86.ActiveCfg = Release|Any CPU
		{45746B23-D27A-4FDF-BD65-E34BD1AD5206}.PRO_AZURE|Any CPU.ActiveCfg = Release|Any CPU
		{45746B23-D27A-4FDF-BD65-E34BD1AD5206}.PRO_AZURE|Any CPU.Build.0 = Release|Any CPU
		{45746B23-D27A-4FDF-BD65-E34BD1AD5206}.PRO_AZURE|x86.ActiveCfg = Release|Any CPU
		{45746B23-D27A-4FDF-BD65-E34BD1AD5206}.Release|Any CPU.ActiveCfg = Release|Any CPU
		{45746B23-D27A-4FDF-BD65-E34BD1AD5206}.Release|Any CPU.Build.0 = Release|Any CPU
		{45746B23-D27A-4FDF-BD65-E34BD1AD5206}.Release|x86.ActiveCfg = Release|Any CPU
		{45746B23-D27A-4FDF-BD65-E34BD1AD5206}.TEST_AZURE|Any CPU.ActiveCfg = Release|Any CPU
		{45746B23-D27A-4FDF-BD65-E34BD1AD5206}.TEST_AZURE|Any CPU.Build.0 = Release|Any CPU
		{45746B23-D27A-4FDF-BD65-E34BD1AD5206}.TEST_AZURE|x86.ActiveCfg = Release|Any CPU
		{45746B23-D27A-4FDF-BD65-E34BD1AD5206}.Test|Any CPU.ActiveCfg = Release|Any CPU
		{45746B23-D27A-4FDF-BD65-E34BD1AD5206}.Test|Any CPU.Build.0 = Release|Any CPU
		{45746B23-D27A-4FDF-BD65-E34BD1AD5206}.Test|x86.ActiveCfg = Release|Any CPU
	EndGlobalSection
	GlobalSection(SolutionProperties) = preSolution
		HideSolutionNode = FALSE
	EndGlobalSection
	GlobalSection(NestedProjects) = preSolution
		{F4A07103-6082-42F6-93A6-22AD3DC4C514} = {923FF5D5-111E-4E0B-85D5-B7F2E59DF2CC}
		{45746B23-D27A-4FDF-BD65-E34BD1AD5206} = {ACC22C75-9C8F-42FA-AFB8-874A2CA965BC}
		{D5FF2FB3-8F14-4D91-BEFC-0D144185C542} = {ACC22C75-9C8F-42FA-AFB8-874A2CA965BC}
		{52CEB9BD-C362-420B-98BD-FBAC12ED0B72} = {58C68A12-4A40-47AD-90D6-DEC5A8646FED}
	EndGlobalSection
EndGlobal
